
Microsoft Visual Studio Solution File, Format Version 12.00
# Visual Studio 15
VisualStudioVersion = 15.0.27130.2027
MinimumVisualStudioVersion = 10.0.40219.1
Project("{FAE04EC0-301F-11D3-BF4B-00C04F79EFBC}") = "TextAdventureVer1", "TextAdventureVer1\TextAdventureVer1.csproj", "{FC77AE14-A803-4C70-8FA3-F80A54BA6437}"
EndProject
Project("{FAE04EC0-301F-11D3-BF4B-00C04F79EFBC}") = "TextAdventureVer2", "TextAdventureVer2\TextAdventureVer2.csproj", "{16321900-C46E-46DE-856B-70E924BED7E2}"
EndProject
Global
	GlobalSection(SolutionConfigurationPlatforms) = preSolution
		Debug|Any CPU = Debug|Any CPU
		Release|Any CPU = Release|Any CPU
	EndGlobalSection
	GlobalSection(ProjectConfigurationPlatforms) = postSolution
		{FC77AE14-A803-4C70-8FA3-F80A54BA6437}.Debug|Any CPU.ActiveCfg = Debug|Any CPU
		{FC77AE14-A803-4C70-8FA3-F80A54BA6437}.Debug|Any CPU.Build.0 = Debug|Any CPU
		{FC77AE14-A803-4C70-8FA3-F80A54BA6437}.Release|Any CPU.ActiveCfg = Release|Any CPU
		{FC77AE14-A803-4C70-8FA3-F80A54BA6437}.Release|Any CPU.Build.0 = Release|Any CPU
		{16321900-C46E-46DE-856B-70E924BED7E2}.Debug|Any CPU.ActiveCfg = Debug|Any CPU
		{16321900-C46E-46DE-856B-70E924BED7E2}.Debug|Any CPU.Build.0 = Debug|Any CPU
		{16321900-C46E-46DE-856B-70E924BED7E2}.Release|Any CPU.ActiveCfg = Release|Any CPU
		{16321900-C46E-46DE-856B-70E924BED7E2}.Release|Any CPU.Build.0 = Release|Any CPU
	EndGlobalSection
	GlobalSection(SolutionProperties) = preSolution
		HideSolutionNode = FALSE
	EndGlobalSection
	GlobalSection(ExtensibilityGlobals) = postSolution
		SolutionGuid = {3E7A418B-CC45-4BFA-A113-42C3A08D8897}
	EndGlobalSection
EndGlobal
